
Microsoft Visual Studio Solution File, Format Version 12.00
# Visual Studio Version 16
VisualStudioVersion = 16.0.30907.101
MinimumVisualStudioVersion = 10.0.40219.1
Project("{8BC9CEB8-8B4A-11D0-8D11-00A0C91BC942}") = "CalculatorTutorial", "CalculatorTutorial\CalculatorTutorial.vcxproj", "{1BE593B7-DD38-4305-A02E-BDD4D80346C8}"
EndProject
Global
	GlobalSection(SolutionConfigurationPlatforms) = preSolution
		Debug|x64 = Debug|x64
		Debug|x86 = Debug|x86
		Release|x64 = Release|x64
		Release|x86 = Release|x86
	EndGlobalSection
	GlobalSection(ProjectConfigurationPlatforms) = postSolution
		{1BE593B7-DD38-4305-A02E-BDD4D80346C8}.Debug|x64.ActiveCfg = Debug|x64
		{1BE593B7-DD38-4305-A02E-BDD4D80346C8}.Debug|x64.Build.0 = Debug|x64
		{1BE593B7-DD38-4305-A02E-BDD4D80346C8}.Debug|x86.ActiveCfg = Debug|Win32
		{1BE593B7-DD38-4305-A02E-BDD4D80346C8}.Debug|x86.Build.0 = Debug|Win32
		{1BE593B7-DD38-4305-A02E-BDD4D80346C8}.Release|x64.ActiveCfg = Release|x64
		{1BE593B7-DD38-4305-A02E-BDD4D80346C8}.Release|x64.Build.0 = Release|x64
		{1BE593B7-DD38-4305-A02E-BDD4D80346C8}.Release|x86.ActiveCfg = Release|Win32
		{1BE593B7-DD38-4305-A02E-BDD4D80346C8}.Release|x86.Build.0 = Release|Win32
	EndGlobalSection
	GlobalSection(SolutionProperties) = preSolution
		HideSolutionNode = FALSE
	EndGlobalSection
	GlobalSection(ExtensibilityGlobals) = postSolution
		SolutionGuid = {6DB5B9A8-0C8F-4CB4-A040-8939BED76079}
	EndGlobalSection
EndGlobal
